
Microsoft Visual Studio Solution File, Format Version 12.00
# Visual Studio 15
VisualStudioVersion = 15.0.27428.2015
MinimumVisualStudioVersion = 10.0.40219.1
Project("{FAE04EC0-301F-11D3-BF4B-00C04F79EFBC}") = "MVCWebsite", "MVCWebsite\MVCWebsite.csproj", "{30401E63-246F-4FBC-A0B5-D1FF3FF6E5D5}"
EndProject
Project("{FAE04EC0-301F-11D3-BF4B-00C04F79EFBC}") = "MVCWebsiteTests", "MVCWebsiteTests\MVCWebsiteTests.csproj", "{F385BD11-DBC1-4159-A320-FD09D77C26C9}"
EndProject
Global
	GlobalSection(SolutionConfigurationPlatforms) = preSolution
		Debug|Any CPU = Debug|Any CPU
		Release|Any CPU = Release|Any CPU
	EndGlobalSection
	GlobalSection(ProjectConfigurationPlatforms) = postSolution
		{30401E63-246F-4FBC-A0B5-D1FF3FF6E5D5}.Debug|Any CPU.ActiveCfg = Debug|Any CPU
		{30401E63-246F-4FBC-A0B5-D1FF3FF6E5D5}.Debug|Any CPU.Build.0 = Debug|Any CPU
		{30401E63-246F-4FBC-A0B5-D1FF3FF6E5D5}.Release|Any CPU.ActiveCfg = Release|Any CPU
		{30401E63-246F-4FBC-A0B5-D1FF3FF6E5D5}.Release|Any CPU.Build.0 = Release|Any CPU
		{F385BD11-DBC1-4159-A320-FD09D77C26C9}.Debug|Any CPU.ActiveCfg = Debug|Any CPU
		{F385BD11-DBC1-4159-A320-FD09D77C26C9}.Debug|Any CPU.Build.0 = Debug|Any CPU
		{F385BD11-DBC1-4159-A320-FD09D77C26C9}.Release|Any CPU.ActiveCfg = Release|Any CPU
		{F385BD11-DBC1-4159-A320-FD09D77C26C9}.Release|Any CPU.Build.0 = Release|Any CPU
	EndGlobalSection
	GlobalSection(SolutionProperties) = preSolution
		HideSolutionNode = FALSE
	EndGlobalSection
	GlobalSection(ExtensibilityGlobals) = postSolution
		SolutionGuid = {48A1B4E1-4731-4A12-B802-84E5F23DB546}
	EndGlobalSection
EndGlobal
